
Microsoft Visual Studio Solution File, Format Version 12.00
# Visual Studio 15
VisualStudioVersion = 15.0.28307.572
MinimumVisualStudioVersion = 10.0.40219.1
Project("{9A19103F-16F7-4668-BE54-9A1E7A4F7556}") = "aliyun.sdk.helper", "aliyun.sdk.helper\aliyun.sdk.helper.csproj", "{7162455C-8377-4912-A38B-BA5A09B0693B}"
EndProject
Global
	GlobalSection(SolutionConfigurationPlatforms) = preSolution
		Debug|Any CPU = Debug|Any CPU
		Release|Any CPU = Release|Any CPU
	EndGlobalSection
	GlobalSection(ProjectConfigurationPlatforms) = postSolution
		{7162455C-8377-4912-A38B-BA5A09B0693B}.Debug|Any CPU.ActiveCfg = Debug|Any CPU
		{7162455C-8377-4912-A38B-BA5A09B0693B}.Debug|Any CPU.Build.0 = Debug|Any CPU
		{7162455C-8377-4912-A38B-BA5A09B0693B}.Release|Any CPU.ActiveCfg = Release|Any CPU
		{7162455C-8377-4912-A38B-BA5A09B0693B}.Release|Any CPU.Build.0 = Release|Any CPU
	EndGlobalSection
	GlobalSection(SolutionProperties) = preSolution
		HideSolutionNode = FALSE
	EndGlobalSection
	GlobalSection(ExtensibilityGlobals) = postSolution
		SolutionGuid = {A1C79789-5098-4491-A505-8381D88D1A8E}
	EndGlobalSection
EndGlobal
